
Microsoft Visual Studio Solution File, Format Version 12.00
# Visual Studio Version 17
VisualStudioVersion = 17.14.36203.30
MinimumVisualStudioVersion = 10.0.40219.1
Project("{54A90642-561A-4BB1-A94E-469ADEE60C69}") = "salesapp.client", "salesapp.client\salesapp.client.esproj", "{AEFDCE48-DEAE-D6C2-80F5-25CB92AD6664}"
EndProject
Project("{FAE04EC0-301F-11D3-BF4B-00C04F79EFBC}") = "SalesApp.Server", "SalesApp.Server\SalesApp.Server.csproj", "{B4EB7F56-937C-4B8C-B926-49C21598DD4E}"
EndProject
Project("{FAE04EC0-301F-11D3-BF4B-00C04F79EFBC}") = "SalesApp.Tests", "SalesApp.Tests\SalesApp.Tests.csproj", "{68E47609-2373-4684-8A97-B79F4FA4B3BF}"
EndProject
Global
	GlobalSection(SolutionConfigurationPlatforms) = preSolution
		Debug|Any CPU = Debug|Any CPU
		Release|Any CPU = Release|Any CPU
	EndGlobalSection
	GlobalSection(ProjectConfigurationPlatforms) = postSolution
		{AEFDCE48-DEAE-D6C2-80F5-25CB92AD6664}.Debug|Any CPU.ActiveCfg = Debug|Any CPU
		{AEFDCE48-DEAE-D6C2-80F5-25CB92AD6664}.Debug|Any CPU.Build.0 = Debug|Any CPU
		{AEFDCE48-DEAE-D6C2-80F5-25CB92AD6664}.Debug|Any CPU.Deploy.0 = Debug|Any CPU
		{AEFDCE48-DEAE-D6C2-80F5-25CB92AD6664}.Release|Any CPU.ActiveCfg = Release|Any CPU
		{AEFDCE48-DEAE-D6C2-80F5-25CB92AD6664}.Release|Any CPU.Build.0 = Release|Any CPU
		{AEFDCE48-DEAE-D6C2-80F5-25CB92AD6664}.Release|Any CPU.Deploy.0 = Release|Any CPU
		{B4EB7F56-937C-4B8C-B926-49C21598DD4E}.Debug|Any CPU.ActiveCfg = Debug|Any CPU
		{B4EB7F56-937C-4B8C-B926-49C21598DD4E}.Debug|Any CPU.Build.0 = Debug|Any CPU
		{B4EB7F56-937C-4B8C-B926-49C21598DD4E}.Release|Any CPU.ActiveCfg = Release|Any CPU
		{B4EB7F56-937C-4B8C-B926-49C21598DD4E}.Release|Any CPU.Build.0 = Release|Any CPU
		{68E47609-2373-4684-8A97-B79F4FA4B3BF}.Debug|Any CPU.ActiveCfg = Debug|Any CPU
		{68E47609-2373-4684-8A97-B79F4FA4B3BF}.Debug|Any CPU.Build.0 = Debug|Any CPU
		{68E47609-2373-4684-8A97-B79F4FA4B3BF}.Release|Any CPU.ActiveCfg = Release|Any CPU
		{68E47609-2373-4684-8A97-B79F4FA4B3BF}.Release|Any CPU.Build.0 = Release|Any CPU
	EndGlobalSection
	GlobalSection(SolutionProperties) = preSolution
		HideSolutionNode = FALSE
	EndGlobalSection
	GlobalSection(ExtensibilityGlobals) = postSolution
		SolutionGuid = {E8997842-6E88-42D5-8D04-8B5BDA7D1B8D}
	EndGlobalSection
EndGlobal
